{
  "name": "ide-rescript",
  "version": "1.0.0",
  "lockfileVersion": 1,
  "requires": true,
  "dependencies": {
    "atom-languageclient": {
      "version": "0.9.9",
      "resolved": "https://registry.npmjs.org/atom-languageclient/-/atom-languageclient-0.9.9.tgz",
      "integrity": "sha512-eAKLFhprcDksPtDtG2lrhQEosNMxEbS7MISpw7n6TIoPmTgolvo+GPAF+nSV+Z9MCss91i+M+TNk9Mj5C7y/CQ==",
      "requires": {
        "fuzzaldrin-plus": "^0.6.0",
        "vscode-jsonrpc": "4.0.0",
        "vscode-languageserver-protocol": "3.12.0",
        "vscode-languageserver-types": "3.12.0"
      }
    },
    "atom-package-deps": {
      "version": "6.0.0",
      "resolved": "https://registry.npmjs.org/atom-package-deps/-/atom-package-deps-6.0.0.tgz",
      "integrity": "sha512-9UQx2sTvBiaIHcZ3le/B0djM+jsZXBQRPXatrmtNfjkbAOV5bGrcXzcV4U0EBfGdzB7QmWeOnwMIJwa3HvW7Kg==",
      "requires": {
        "sb-fs": "^4.0.0",
        "semver": "^7.3.2"
      }
    },
    "diff": {
      "version": "4.0.2",
      "resolved": "https://registry.npmjs.org/diff/-/diff-4.0.2.tgz",
      "integrity": "sha512-58lmxKSA4BNyLz+HHMUzlOEpg09FV+ev6ZMe3vJihgdxzgcwZ8VoEEPmALCZG9LmqfVoNMMKpttIYTVG6uDY7A=="
    },
    "fuzzaldrin-plus": {
      "version": "0.6.0",
      "resolved": "https://registry.npmjs.org/fuzzaldrin-plus/-/fuzzaldrin-plus-0.6.0.tgz",
      "integrity": "sha1-gy9kifvodnaUWVmckUpnDsIpR+4="
    },
    "is-utf8": {
      "version": "0.2.1",
      "resolved": "https://registry.npmjs.org/is-utf8/-/is-utf8-0.2.1.tgz",
      "integrity": "sha1-Sw2hRCEE0bM2NA6AeX6GXPOffXI="
    },
    "sb-fs": {
      "version": "4.0.0",
      "resolved": "https://registry.npmjs.org/sb-fs/-/sb-fs-4.0.0.tgz",
      "integrity": "sha512-UjjIHC4uahPWvKYqgknvFCCJ11S0oDahz+nsmyTCAmARKto31aoE+Lu7GGGK0nogengJEKGzFdh46ho5+IL88Q==",
      "requires": {
        "strip-bom-buf": "^1.0.0"
      }
    },
    "semver": {
      "version": "7.3.2",
      "resolved": "https://registry.npmjs.org/semver/-/semver-7.3.2.tgz",
      "integrity": "sha512-OrOb32TeeambH6UrhtShmF7CRDqhL6/5XpPNp2DuRH6+9QLw/orhp72j87v8Qa1ScDkvrrBNpZcDejAirJmfXQ=="
    },
    "strip-bom-buf": {
      "version": "1.0.0",
      "resolved": "https://registry.npmjs.org/strip-bom-buf/-/strip-bom-buf-1.0.0.tgz",
      "integrity": "sha1-HLRar1dTD0yvhsf3UXnSyaUd1XI=",
      "requires": {
        "is-utf8": "^0.2.1"
      }
    },
    "vscode-jsonrpc": {
      "version": "4.0.0",
      "resolved": "https://registry.npmjs.org/vscode-jsonrpc/-/vscode-jsonrpc-4.0.0.tgz",
      "integrity": "sha512-perEnXQdQOJMTDFNv+UF3h1Y0z4iSiaN9jIlb0OqIYgosPCZGYh/MCUlkFtV2668PL69lRDO32hmvL2yiidUYg=="
    },
    "vscode-languageserver-protocol": {
      "version": "3.12.0",
      "resolved": "https://registry.npmjs.org/vscode-languageserver-protocol/-/vscode-languageserver-protocol-3.12.0.tgz",
      "integrity": "sha512-evY6hmyzLnwQrqlQWPrNBq1z8wrSNjLesmgPzeS6Zv11mVS5UJRel26hbM/DH5tHdn45huNzRW0eFHRmIm8LpA==",
      "requires": {
        "vscode-jsonrpc": "^3.6.2",
        "vscode-languageserver-types": "^3.12.0"
      },
      "dependencies": {
        "vscode-jsonrpc": {
          "version": "3.6.2",
          "resolved": "https://registry.npmjs.org/vscode-jsonrpc/-/vscode-jsonrpc-3.6.2.tgz",
          "integrity": "sha512-T24Jb5V48e4VgYliUXMnZ379ItbrXgOimweKaJshD84z+8q7ZOZjJan0MeDe+Ugb+uqERDVV8SBmemaGMSMugA=="
        }
      }
    },
    "vscode-languageserver-types": {
      "version": "3.12.0",
      "resolved": "https://registry.npmjs.org/vscode-languageserver-types/-/vscode-languageserver-types-3.12.0.tgz",
      "integrity": "sha512-UxqnpzBToPO7Mi2tr/s5JeyPOSKSJtLB8lIdxCg9ZNdvP2cU8wS7iTDtwQKz91Ne4CUmTdf85ddR5SIZKXmMjQ=="
    }
  }
}
